
Microsoft Visual Studio Solution File, Format Version 12.00
# Visual Studio Version 17
VisualStudioVersion = 17.11.35208.52
MinimumVisualStudioVersion = 10.0.40219.1
Project("{FAE04EC0-301F-11D3-BF4B-00C04F79EFBC}") = "NumberProcessorWinForm", "NumberProcessorWinForm\NumberProcessorWinForm.csproj", "{3DFD280D-7A10-49BD-A8E2-CC744A5DAAEC}"
EndProject
Global
	GlobalSection(SolutionConfigurationPlatforms) = preSolution
		Debug|Any CPU = Debug|Any CPU
		Release|Any CPU = Release|Any CPU
	EndGlobalSection
	GlobalSection(ProjectConfigurationPlatforms) = postSolution
		{3DFD280D-7A10-49BD-A8E2-CC744A5DAAEC}.Debug|Any CPU.ActiveCfg = Debug|Any CPU
		{3DFD280D-7A10-49BD-A8E2-CC744A5DAAEC}.Debug|Any CPU.Build.0 = Debug|Any CPU
		{3DFD280D-7A10-49BD-A8E2-CC744A5DAAEC}.Release|Any CPU.ActiveCfg = Release|Any CPU
		{3DFD280D-7A10-49BD-A8E2-CC744A5DAAEC}.Release|Any CPU.Build.0 = Release|Any CPU
	EndGlobalSection
	GlobalSection(SolutionProperties) = preSolution
		HideSolutionNode = FALSE
	EndGlobalSection
	GlobalSection(ExtensibilityGlobals) = postSolution
		SolutionGuid = {ABADF933-6975-4969-9777-CFD5508A1EC5}
	EndGlobalSection
EndGlobal
